
Microsoft Visual Studio Solution File, Format Version 12.00
# Visual Studio Version 16
VisualStudioVersion = 16.0.29806.167
MinimumVisualStudioVersion = 10.0.40219.1
Project("{9A19103F-16F7-4668-BE54-9A1E7A4F7556}") = "TrackLinks", "TrackLinks\TrackLinks.csproj", "{0CF512A9-DF88-43B9-99CB-0B1773FA54D6}"
EndProject
Project("{2150E333-8FDC-42A3-9474-1A3956D46DE8}") = "Solution Items", "Solution Items", "{3D5C7A3A-6423-44B9-9F1F-F87E4C932F15}"
	ProjectSection(SolutionItems) = preProject
		ExtraCode.txt = ExtraCode.txt
		SubjectsCards.txt = SubjectsCards.txt
		SubjectsTable.txt = SubjectsTable.txt
	EndProjectSection
EndProject
Global
	GlobalSection(SolutionConfigurationPlatforms) = preSolution
		Debug|Any CPU = Debug|Any CPU
		Release|Any CPU = Release|Any CPU
	EndGlobalSection
	GlobalSection(ProjectConfigurationPlatforms) = postSolution
		{0CF512A9-DF88-43B9-99CB-0B1773FA54D6}.Debug|Any CPU.ActiveCfg = Debug|Any CPU
		{0CF512A9-DF88-43B9-99CB-0B1773FA54D6}.Debug|Any CPU.Build.0 = Debug|Any CPU
		{0CF512A9-DF88-43B9-99CB-0B1773FA54D6}.Release|Any CPU.ActiveCfg = Release|Any CPU
		{0CF512A9-DF88-43B9-99CB-0B1773FA54D6}.Release|Any CPU.Build.0 = Release|Any CPU
	EndGlobalSection
	GlobalSection(SolutionProperties) = preSolution
		HideSolutionNode = FALSE
	EndGlobalSection
	GlobalSection(ExtensibilityGlobals) = postSolution
		SolutionGuid = {F9457CC9-E6FC-4FDE-A6D4-FDA4C256D29B}
	EndGlobalSection
EndGlobal
